{
  "name": "michelleaneous",
  "version": "1.0.0",
  "lockfileVersion": 3,
  "requires": true,
  "packages": {
    "": {
      "name": "michelleaneous",
      "version": "1.0.0",
      "license": "ISC",
      "devDependencies": {
        "some-dependency": "^0.0.1-security"
      }
    },
    "node_modules/some-dependency": {
      "version": "0.0.1-security",
      "resolved": "https://registry.npmjs.org/some-dependency/-/some-dependency-0.0.1-security.tgz",
      "integrity": "sha512-sJ4YqCYQT16HydlZvWDQBz4q5H4AYeoI2cWSFYpCi161GVDvdoqMfUnr3LdW1R35w+49Yeb4tp69ArQBz2C/pg==",
      "dev": true
    }
  }
}
